
Microsoft Visual Studio Solution File, Format Version 12.00
# Visual Studio Version 17
VisualStudioVersion = 17.4.33213.308
MinimumVisualStudioVersion = 10.0.40219.1
Project("{FAE04EC0-301F-11D3-BF4B-00C04F79EFBC}") = "Наименьшее число в массиве", "Наименьшее число в массиве\Наименьшее число в массиве.csproj", "{20616F8C-6E1D-459C-A7C6-F1D18C1D1A1F}"
EndProject
Global
	GlobalSection(SolutionConfigurationPlatforms) = preSolution
		Debug|Any CPU = Debug|Any CPU
		Release|Any CPU = Release|Any CPU
	EndGlobalSection
	GlobalSection(ProjectConfigurationPlatforms) = postSolution
		{20616F8C-6E1D-459C-A7C6-F1D18C1D1A1F}.Debug|Any CPU.ActiveCfg = Debug|Any CPU
		{20616F8C-6E1D-459C-A7C6-F1D18C1D1A1F}.Debug|Any CPU.Build.0 = Debug|Any CPU
		{20616F8C-6E1D-459C-A7C6-F1D18C1D1A1F}.Release|Any CPU.ActiveCfg = Release|Any CPU
		{20616F8C-6E1D-459C-A7C6-F1D18C1D1A1F}.Release|Any CPU.Build.0 = Release|Any CPU
	EndGlobalSection
	GlobalSection(SolutionProperties) = preSolution
		HideSolutionNode = FALSE
	EndGlobalSection
	GlobalSection(ExtensibilityGlobals) = postSolution
		SolutionGuid = {EB0425E6-CB57-4B12-AE01-9F3211C05B80}
	EndGlobalSection
EndGlobal
